
Microsoft Visual Studio Solution File, Format Version 12.00
# Visual Studio 15
VisualStudioVersion = 15.0.26730.16
MinimumVisualStudioVersion = 10.0.40219.1
Project("{FAE04EC0-301F-11D3-BF4B-00C04F79EFBC}") = "DemoCodigo200.Android", "DemoCodigo200\DemoCodigo200.Android\DemoCodigo200.Android.csproj", "{3E6A1580-AE93-4BA3-AB8A-015145FEAD0D}"
EndProject
Project("{FAE04EC0-301F-11D3-BF4B-00C04F79EFBC}") = "DemoCodigo200", "DemoCodigo200\DemoCodigo200\DemoCodigo200.csproj", "{7E39C299-EBA7-4F0B-8C0E-40C0ED6A7B68}"
EndProject
Project("{FAE04EC0-301F-11D3-BF4B-00C04F79EFBC}") = "DemoCodigo200.UWP", "DemoCodigo200\DemoCodigo200.UWP\DemoCodigo200.UWP.csproj", "{0AE838EF-386F-47AC-9FA0-778B05FC38F6}"
EndProject
Project("{FAE04EC0-301F-11D3-BF4B-00C04F79EFBC}") = "DemoCodigo200.iOS", "DemoCodigo200\DemoCodigo200.iOS\DemoCodigo200.iOS.csproj", "{CD646862-7C25-4236-BB27-75D432F219CA}"
EndProject
Global
	GlobalSection(SolutionConfigurationPlatforms) = preSolution
		Ad-Hoc|Any CPU = Ad-Hoc|Any CPU
		Ad-Hoc|ARM = Ad-Hoc|ARM
		Ad-Hoc|iPhone = Ad-Hoc|iPhone
		Ad-Hoc|iPhoneSimulator = Ad-Hoc|iPhoneSimulator
		Ad-Hoc|x64 = Ad-Hoc|x64
		Ad-Hoc|x86 = Ad-Hoc|x86
		AppStore|Any CPU = AppStore|Any CPU
		AppStore|ARM = AppStore|ARM
		AppStore|iPhone = AppStore|iPhone
		AppStore|iPhoneSimulator = AppStore|iPhoneSimulator
		AppStore|x64 = AppStore|x64
		AppStore|x86 = AppStore|x86
		Debug|Any CPU = Debug|Any CPU
		Debug|ARM = Debug|ARM
		Debug|iPhone = Debug|iPhone
		Debug|iPhoneSimulator = Debug|iPhoneSimulator
		Debug|x64 = Debug|x64
		Debug|x86 = Debug|x86
		Release|Any CPU = Release|Any CPU
		Release|ARM = Release|ARM
		Release|iPhone = Release|iPhone
		Release|iPhoneSimulator = Release|iPhoneSimulator
		Release|x64 = Release|x64
		Release|x86 = Release|x86
	EndGlobalSection
	GlobalSection(ProjectConfigurationPlatforms) = postSolution
		{3E6A1580-AE93-4BA3-AB8A-015145FEAD0D}.Ad-Hoc|Any CPU.ActiveCfg = Release|Any CPU
		{3E6A1580-AE93-4BA3-AB8A-015145FEAD0D}.Ad-Hoc|Any CPU.Build.0 = Release|Any CPU
		{3E6A1580-AE93-4BA3-AB8A-015145FEAD0D}.Ad-Hoc|Any CPU.Deploy.0 = Release|Any CPU
		{3E6A1580-AE93-4BA3-AB8A-015145FEAD0D}.Ad-Hoc|ARM.ActiveCfg = Release|Any CPU
		{3E6A1580-AE93-4BA3-AB8A-015145FEAD0D}.Ad-Hoc|ARM.Build.0 = Release|Any CPU
		{3E6A1580-AE93-4BA3-AB8A-015145FEAD0D}.Ad-Hoc|ARM.Deploy.0 = Release|Any CPU
		{3E6A1580-AE93-4BA3-AB8A-015145FEAD0D}.Ad-Hoc|iPhone.ActiveCfg = Release|Any CPU
		{3E6A1580-AE93-4BA3-AB8A-015145FEAD0D}.Ad-Hoc|iPhone.Build.0 = Release|Any CPU
		{3E6A1580-AE93-4BA3-AB8A-015145FEAD0D}.Ad-Hoc|iPhone.Deploy.0 = Release|Any CPU
		{3E6A1580-AE93-4BA3-AB8A-015145FEAD0D}.Ad-Hoc|iPhoneSimulator.ActiveCfg = Release|Any CPU
		{3E6A1580-AE93-4BA3-AB8A-015145FEAD0D}.Ad-Hoc|iPhoneSimulator.Build.0 = Release|Any CPU
		{3E6A1580-AE93-4BA3-AB8A-015145FEAD0D}.Ad-Hoc|iPhoneSimulator.Deploy.0 = Release|Any CPU
		{3E6A1580-AE93-4BA3-AB8A-015145FEAD0D}.Ad-Hoc|x64.ActiveCfg = Release|Any CPU
		{3E6A1580-AE93-4BA3-AB8A-015145FEAD0D}.Ad-Hoc|x64.Build.0 = Release|Any CPU
		{3E6A1580-AE93-4BA3-AB8A-015145FEAD0D}.Ad-Hoc|x64.Deploy.0 = Release|Any CPU
		{3E6A1580-AE93-4BA3-AB8A-015145FEAD0D}.Ad-Hoc|x86.ActiveCfg = Release|Any CPU
		{3E6A1580-AE93-4BA3-AB8A-015145FEAD0D}.Ad-Hoc|x86.Build.0 = Release|Any CPU
		{3E6A1580-AE93-4BA3-AB8A-015145FEAD0D}.Ad-Hoc|x86.Deploy.0 = Release|Any CPU
		{3E6A1580-AE93-4BA3-AB8A-015145FEAD0D}.AppStore|Any CPU.ActiveCfg = Release|Any CPU
		{3E6A1580-AE93-4BA3-AB8A-015145FEAD0D}.AppStore|Any CPU.Build.0 = Release|Any CPU
		{3E6A1580-AE93-4BA3-AB8A-015145FEAD0D}.AppStore|Any CPU.Deploy.0 = Release|Any CPU
		{3E6A1580-AE93-4BA3-AB8A-015145FEAD0D}.AppStore|ARM.ActiveCfg = Release|Any CPU
		{3E6A1580-AE93-4BA3-AB8A-015145FEAD0D}.AppStore|ARM.Build.0 = Release|Any CPU
		{3E6A1580-AE93-4BA3-AB8A-015145FEAD0D}.AppStore|ARM.Deploy.0 = Release|Any CPU
		{3E6A1580-AE93-4BA3-AB8A-015145FEAD0D}.AppStore|iPhone.ActiveCfg = Release|Any CPU
		{3E6A1580-AE93-4BA3-AB8A-015145FEAD0D}.AppStore|iPhone.Build.0 = Release|Any CPU
		{3E6A1580-AE93-4BA3-AB8A-015145FEAD0D}.AppStore|iPhone.Deploy.0 = Release|Any CPU
		{3E6A1580-AE93-4BA3-AB8A-015145FEAD0D}.AppStore|iPhoneSimulator.ActiveCfg = Release|Any CPU
		{3E6A1580-AE93-4BA3-AB8A-015145FEAD0D}.AppStore|iPhoneSimulator.Build.0 = Release|Any CPU
		{3E6A1580-AE93-4BA3-AB8A-015145FEAD0D}.AppStore|iPhoneSimulator.Deploy.0 = Release|Any CPU
		{3E6A1580-AE93-4BA3-AB8A-015145FEAD0D}.AppStore|x64.ActiveCfg = Release|Any CPU
		{3E6A1580-AE93-4BA3-AB8A-015145FEAD0D}.AppStore|x64.Build.0 = Release|Any CPU
		{3E6A1580-AE93-4BA3-AB8A-015145FEAD0D}.AppStore|x64.Deploy.0 = Release|Any CPU
		{3E6A1580-AE93-4BA3-AB8A-015145FEAD0D}.AppStore|x86.ActiveCfg = Release|Any CPU
		{3E6A1580-AE93-4BA3-AB8A-015145FEAD0D}.AppStore|x86.Build.0 = Release|Any CPU
		{3E6A1580-AE93-4BA3-AB8A-015145FEAD0D}.AppStore|x86.Deploy.0 = Release|Any CPU
		{3E6A1580-AE93-4BA3-AB8A-015145FEAD0D}.Debug|Any CPU.ActiveCfg = Debug|Any CPU
		{3E6A1580-AE93-4BA3-AB8A-015145FEAD0D}.Debug|Any CPU.Build.0 = Debug|Any CPU
		{3E6A1580-AE93-4BA3-AB8A-015145FEAD0D}.Debug|Any CPU.Deploy.0 = Debug|Any CPU
		{3E6A1580-AE93-4BA3-AB8A-015145FEAD0D}.Debug|ARM.ActiveCfg = Debug|Any CPU
		{3E6A1580-AE93-4BA3-AB8A-015145FEAD0D}.Debug|ARM.Build.0 = Debug|Any CPU
		{3E6A1580-AE93-4BA3-AB8A-015145FEAD0D}.Debug|ARM.Deploy.0 = Debug|Any CPU
		{3E6A1580-AE93-4BA3-AB8A-015145FEAD0D}.Debug|iPhone.ActiveCfg = Debug|Any CPU
		{3E6A1580-AE93-4BA3-AB8A-015145FEAD0D}.Debug|iPhone.Build.0 = Debug|Any CPU
		{3E6A1580-AE93-4BA3-AB8A-015145FEAD0D}.Debug|iPhone.Deploy.0 = Debug|Any CPU
		{3E6A1580-AE93-4BA3-AB8A-015145FEAD0D}.Debug|iPhoneSimulator.ActiveCfg = Debug|Any CPU
		{3E6A1580-AE93-4BA3-AB8A-015145FEAD0D}.Debug|iPhoneSimulator.Build.0 = Debug|Any CPU
		{3E6A1580-AE93-4BA3-AB8A-015145FEAD0D}.Debug|iPhoneSimulator.Deploy.0 = Debug|Any CPU
		{3E6A1580-AE93-4BA3-AB8A-015145FEAD0D}.Debug|x64.ActiveCfg = Debug|Any CPU
		{3E6A1580-AE93-4BA3-AB8A-015145FEAD0D}.Debug|x64.Build.0 = Debug|Any CPU
		{3E6A1580-AE93-4BA3-AB8A-015145FEAD0D}.Debug|x64.Deploy.0 = Debug|Any CPU
		{3E6A1580-AE93-4BA3-AB8A-015145FEAD0D}.Debug|x86.ActiveCfg = Debug|Any CPU
		{3E6A1580-AE93-4BA3-AB8A-015145FEAD0D}.Debug|x86.Build.0 = Debug|Any CPU
		{3E6A1580-AE93-4BA3-AB8A-015145FEAD0D}.Debug|x86.Deploy.0 = Debug|Any CPU
		{3E6A1580-AE93-4BA3-AB8A-015145FEAD0D}.Release|Any CPU.ActiveCfg = Release|Any CPU
		{3E6A1580-AE93-4BA3-AB8A-015145FEAD0D}.Release|Any CPU.Build.0 = Release|Any CPU
		{3E6A1580-AE93-4BA3-AB8A-015145FEAD0D}.Release|Any CPU.Deploy.0 = Release|Any CPU
		{3E6A1580-AE93-4BA3-AB8A-015145FEAD0D}.Release|ARM.ActiveCfg = Release|Any CPU
		{3E6A1580-AE93-4BA3-AB8A-015145FEAD0D}.Release|ARM.Build.0 = Release|Any CPU
		{3E6A1580-AE93-4BA3-AB8A-015145FEAD0D}.Release|ARM.Deploy.0 = Release|Any CPU
		{3E6A1580-AE93-4BA3-AB8A-015145FEAD0D}.Release|iPhone.ActiveCfg = Release|Any CPU
		{3E6A1580-AE93-4BA3-AB8A-015145FEAD0D}.Release|iPhone.Build.0 = Release|Any CPU
		{3E6A1580-AE93-4BA3-AB8A-015145FEAD0D}.Release|iPhone.Deploy.0 = Release|Any CPU
		{3E6A1580-AE93-4BA3-AB8A-015145FEAD0D}.Release|iPhoneSimulator.ActiveCfg = Release|Any CPU
		{3E6A1580-AE93-4BA3-AB8A-015145FEAD0D}.Release|iPhoneSimulator.Build.0 = Release|Any CPU
		{3E6A1580-AE93-4BA3-AB8A-015145FEAD0D}.Release|iPhoneSimulator.Deploy.0 = Release|Any CPU
		{3E6A1580-AE93-4BA3-AB8A-015145FEAD0D}.Release|x64.ActiveCfg = Release|Any CPU
		{3E6A1580-AE93-4BA3-AB8A-015145FEAD0D}.Release|x64.Build.0 = Release|Any CPU
		{3E6A1580-AE93-4BA3-AB8A-015145FEAD0D}.Release|x64.Deploy.0 = Release|Any CPU
		{3E6A1580-AE93-4BA3-AB8A-015145FEAD0D}.Release|x86.ActiveCfg = Release|Any CPU
		{3E6A1580-AE93-4BA3-AB8A-015145FEAD0D}.Release|x86.Build.0 = Release|Any CPU
		{3E6A1580-AE93-4BA3-AB8A-015145FEAD0D}.Release|x86.Deploy.0 = Release|Any CPU
		{7E39C299-EBA7-4F0B-8C0E-40C0ED6A7B68}.Ad-Hoc|Any CPU.ActiveCfg = Release|Any CPU
		{7E39C299-EBA7-4F0B-8C0E-40C0ED6A7B68}.Ad-Hoc|Any CPU.Build.0 = Release|Any CPU
		{7E39C299-EBA7-4F0B-8C0E-40C0ED6A7B68}.Ad-Hoc|ARM.ActiveCfg = Release|Any CPU
		{7E39C299-EBA7-4F0B-8C0E-40C0ED6A7B68}.Ad-Hoc|ARM.Build.0 = Release|Any CPU
		{7E39C299-EBA7-4F0B-8C0E-40C0ED6A7B68}.Ad-Hoc|iPhone.ActiveCfg = Release|Any CPU
		{7E39C299-EBA7-4F0B-8C0E-40C0ED6A7B68}.Ad-Hoc|iPhone.Build.0 = Release|Any CPU
		{7E39C299-EBA7-4F0B-8C0E-40C0ED6A7B68}.Ad-Hoc|iPhoneSimulator.ActiveCfg = Release|Any CPU
		{7E39C299-EBA7-4F0B-8C0E-40C0ED6A7B68}.Ad-Hoc|iPhoneSimulator.Build.0 = Release|Any CPU
		{7E39C299-EBA7-4F0B-8C0E-40C0ED6A7B68}.Ad-Hoc|x64.ActiveCfg = Release|Any CPU
		{7E39C299-EBA7-4F0B-8C0E-40C0ED6A7B68}.Ad-Hoc|x64.Build.0 = Release|Any CPU
		{7E39C299-EBA7-4F0B-8C0E-40C0ED6A7B68}.Ad-Hoc|x86.ActiveCfg = Release|Any CPU
		{7E39C299-EBA7-4F0B-8C0E-40C0ED6A7B68}.Ad-Hoc|x86.Build.0 = Release|Any CPU
		{7E39C299-EBA7-4F0B-8C0E-40C0ED6A7B68}.AppStore|Any CPU.ActiveCfg = Release|Any CPU
		{7E39C299-EBA7-4F0B-8C0E-40C0ED6A7B68}.AppStore|Any CPU.Build.0 = Release|Any CPU
		{7E39C299-EBA7-4F0B-8C0E-40C0ED6A7B68}.AppStore|ARM.ActiveCfg = Release|Any CPU
		{7E39C299-EBA7-4F0B-8C0E-40C0ED6A7B68}.AppStore|ARM.Build.0 = Release|Any CPU
		{7E39C299-EBA7-4F0B-8C0E-40C0ED6A7B68}.AppStore|iPhone.ActiveCfg = Release|Any CPU
		{7E39C299-EBA7-4F0B-8C0E-40C0ED6A7B68}.AppStore|iPhone.Build.0 = Release|Any CPU
		{7E39C299-EBA7-4F0B-8C0E-40C0ED6A7B68}.AppStore|iPhoneSimulator.ActiveCfg = Release|Any CPU
		{7E39C299-EBA7-4F0B-8C0E-40C0ED6A7B68}.AppStore|iPhoneSimulator.Build.0 = Release|Any CPU
		{7E39C299-EBA7-4F0B-8C0E-40C0ED6A7B68}.AppStore|x64.ActiveCfg = Release|Any CPU
		{7E39C299-EBA7-4F0B-8C0E-40C0ED6A7B68}.AppStore|x64.Build.0 = Release|Any CPU
		{7E39C299-EBA7-4F0B-8C0E-40C0ED6A7B68}.AppStore|x86.ActiveCfg = Release|Any CPU
		{7E39C299-EBA7-4F0B-8C0E-40C0ED6A7B68}.AppStore|x86.Build.0 = Release|Any CPU
		{7E39C299-EBA7-4F0B-8C0E-40C0ED6A7B68}.Debug|Any CPU.ActiveCfg = Debug|Any CPU
		{7E39C299-EBA7-4F0B-8C0E-40C0ED6A7B68}.Debug|Any CPU.Build.0 = Debug|Any CPU
		{7E39C299-EBA7-4F0B-8C0E-40C0ED6A7B68}.Debug|ARM.ActiveCfg = Debug|Any CPU
		{7E39C299-EBA7-4F0B-8C0E-40C0ED6A7B68}.Debug|ARM.Build.0 = Debug|Any CPU
		{7E39C299-EBA7-4F0B-8C0E-40C0ED6A7B68}.Debug|iPhone.ActiveCfg = Debug|Any CPU
		{7E39C299-EBA7-4F0B-8C0E-40C0ED6A7B68}.Debug|iPhone.Build.0 = Debug|Any CPU
		{7E39C299-EBA7-4F0B-8C0E-40C0ED6A7B68}.Debug|iPhoneSimulator.ActiveCfg = Debug|Any CPU
		{7E39C299-EBA7-4F0B-8C0E-40C0ED6A7B68}.Debug|iPhoneSimulator.Build.0 = Debug|Any CPU
		{7E39C299-EBA7-4F0B-8C0E-40C0ED6A7B68}.Debug|x64.ActiveCfg = Debug|Any CPU
		{7E39C299-EBA7-4F0B-8C0E-40C0ED6A7B68}.Debug|x64.Build.0 = Debug|Any CPU
		{7E39C299-EBA7-4F0B-8C0E-40C0ED6A7B68}.Debug|x86.ActiveCfg = Debug|Any CPU
		{7E39C299-EBA7-4F0B-8C0E-40C0ED6A7B68}.Debug|x86.Build.0 = Debug|Any CPU
		{7E39C299-EBA7-4F0B-8C0E-40C0ED6A7B68}.Release|Any CPU.ActiveCfg = Release|Any CPU
		{7E39C299-EBA7-4F0B-8C0E-40C0ED6A7B68}.Release|Any CPU.Build.0 = Release|Any CPU
		{7E39C299-EBA7-4F0B-8C0E-40C0ED6A7B68}.Release|ARM.ActiveCfg = Release|Any CPU
		{7E39C299-EBA7-4F0B-8C0E-40C0ED6A7B68}.Release|ARM.Build.0 = Release|Any CPU
		{7E39C299-EBA7-4F0B-8C0E-40C0ED6A7B68}.Release|iPhone.ActiveCfg = Release|Any CPU
		{7E39C299-EBA7-4F0B-8C0E-40C0ED6A7B68}.Release|iPhone.Build.0 = Release|Any CPU
		{7E39C299-EBA7-4F0B-8C0E-40C0ED6A7B68}.Release|iPhoneSimulator.ActiveCfg = Release|Any CPU
		{7E39C299-EBA7-4F0B-8C0E-40C0ED6A7B68}.Release|iPhoneSimulator.Build.0 = Release|Any CPU
		{7E39C299-EBA7-4F0B-8C0E-40C0ED6A7B68}.Release|x64.ActiveCfg = Release|Any CPU
		{7E39C299-EBA7-4F0B-8C0E-40C0ED6A7B68}.Release|x64.Build.0 = Release|Any CPU
		{7E39C299-EBA7-4F0B-8C0E-40C0ED6A7B68}.Release|x86.ActiveCfg = Release|Any CPU
		{7E39C299-EBA7-4F0B-8C0E-40C0ED6A7B68}.Release|x86.Build.0 = Release|Any CPU
		{0AE838EF-386F-47AC-9FA0-778B05FC38F6}.Ad-Hoc|Any CPU.ActiveCfg = Release|x86
		{0AE838EF-386F-47AC-9FA0-778B05FC38F6}.Ad-Hoc|Any CPU.Build.0 = Release|x86
		{0AE838EF-386F-47AC-9FA0-778B05FC38F6}.Ad-Hoc|Any CPU.Deploy.0 = Release|x86
		{0AE838EF-386F-47AC-9FA0-778B05FC38F6}.Ad-Hoc|ARM.ActiveCfg = Release|ARM
		{0AE838EF-386F-47AC-9FA0-778B05FC38F6}.Ad-Hoc|ARM.Build.0 = Release|ARM
		{0AE838EF-386F-47AC-9FA0-778B05FC38F6}.Ad-Hoc|ARM.Deploy.0 = Release|ARM
		{0AE838EF-386F-47AC-9FA0-778B05FC38F6}.Ad-Hoc|iPhone.ActiveCfg = Release|x86
		{0AE838EF-386F-47AC-9FA0-778B05FC38F6}.Ad-Hoc|iPhone.Build.0 = Release|x86
		{0AE838EF-386F-47AC-9FA0-778B05FC38F6}.Ad-Hoc|iPhone.Deploy.0 = Release|x86
		{0AE838EF-386F-47AC-9FA0-778B05FC38F6}.Ad-Hoc|iPhoneSimulator.ActiveCfg = Release|x86
		{0AE838EF-386F-47AC-9FA0-778B05FC38F6}.Ad-Hoc|iPhoneSimulator.Build.0 = Release|x86
		{0AE838EF-386F-47AC-9FA0-778B05FC38F6}.Ad-Hoc|iPhoneSimulator.Deploy.0 = Release|x86
		{0AE838EF-386F-47AC-9FA0-778B05FC38F6}.Ad-Hoc|x64.ActiveCfg = Release|x64
		{0AE838EF-386F-47AC-9FA0-778B05FC38F6}.Ad-Hoc|x64.Build.0 = Release|x64
		{0AE838EF-386F-47AC-9FA0-778B05FC38F6}.Ad-Hoc|x64.Deploy.0 = Release|x64
		{0AE838EF-386F-47AC-9FA0-778B05FC38F6}.Ad-Hoc|x86.ActiveCfg = Release|x86
		{0AE838EF-386F-47AC-9FA0-778B05FC38F6}.Ad-Hoc|x86.Build.0 = Release|x86
		{0AE838EF-386F-47AC-9FA0-778B05FC38F6}.Ad-Hoc|x86.Deploy.0 = Release|x86
		{0AE838EF-386F-47AC-9FA0-778B05FC38F6}.AppStore|Any CPU.ActiveCfg = Release|x86
		{0AE838EF-386F-47AC-9FA0-778B05FC38F6}.AppStore|Any CPU.Build.0 = Release|x86
		{0AE838EF-386F-47AC-9FA0-778B05FC38F6}.AppStore|Any CPU.Deploy.0 = Release|x86
		{0AE838EF-386F-47AC-9FA0-778B05FC38F6}.AppStore|ARM.ActiveCfg = Release|ARM
		{0AE838EF-386F-47AC-9FA0-778B05FC38F6}.AppStore|ARM.Build.0 = Release|ARM
		{0AE838EF-386F-47AC-9FA0-778B05FC38F6}.AppStore|ARM.Deploy.0 = Release|ARM
		{0AE838EF-386F-47AC-9FA0-778B05FC38F6}.AppStore|iPhone.ActiveCfg = Release|x86
		{0AE838EF-386F-47AC-9FA0-778B05FC38F6}.AppStore|iPhone.Build.0 = Release|x86
		{0AE838EF-386F-47AC-9FA0-778B05FC38F6}.AppStore|iPhone.Deploy.0 = Release|x86
		{0AE838EF-386F-47AC-9FA0-778B05FC38F6}.AppStore|iPhoneSimulator.ActiveCfg = Release|x86
		{0AE838EF-386F-47AC-9FA0-778B05FC38F6}.AppStore|iPhoneSimulator.Build.0 = Release|x86
		{0AE838EF-386F-47AC-9FA0-778B05FC38F6}.AppStore|iPhoneSimulator.Deploy.0 = Release|x86
		{0AE838EF-386F-47AC-9FA0-778B05FC38F6}.AppStore|x64.ActiveCfg = Release|x64
		{0AE838EF-386F-47AC-9FA0-778B05FC38F6}.AppStore|x64.Build.0 = Release|x64
		{0AE838EF-386F-47AC-9FA0-778B05FC38F6}.AppStore|x64.Deploy.0 = Release|x64
		{0AE838EF-386F-47AC-9FA0-778B05FC38F6}.AppStore|x86.ActiveCfg = Release|x86
		{0AE838EF-386F-47AC-9FA0-778B05FC38F6}.AppStore|x86.Build.0 = Release|x86
		{0AE838EF-386F-47AC-9FA0-778B05FC38F6}.AppStore|x86.Deploy.0 = Release|x86
		{0AE838EF-386F-47AC-9FA0-778B05FC38F6}.Debug|Any CPU.ActiveCfg = Debug|x64
		{0AE838EF-386F-47AC-9FA0-778B05FC38F6}.Debug|ARM.ActiveCfg = Debug|ARM
		{0AE838EF-386F-47AC-9FA0-778B05FC38F6}.Debug|ARM.Build.0 = Debug|ARM
		{0AE838EF-386F-47AC-9FA0-778B05FC38F6}.Debug|ARM.Deploy.0 = Debug|ARM
		{0AE838EF-386F-47AC-9FA0-778B05FC38F6}.Debug|iPhone.ActiveCfg = Debug|x86
		{0AE838EF-386F-47AC-9FA0-778B05FC38F6}.Debug|iPhoneSimulator.ActiveCfg = Debug|x86
		{0AE838EF-386F-47AC-9FA0-778B05FC38F6}.Debug|x64.ActiveCfg = Debug|x64
		{0AE838EF-386F-47AC-9FA0-778B05FC38F6}.Debug|x64.Build.0 = Debug|x64
		{0AE838EF-386F-47AC-9FA0-778B05FC38F6}.Debug|x64.Deploy.0 = Debug|x64
		{0AE838EF-386F-47AC-9FA0-778B05FC38F6}.Debug|x86.ActiveCfg = Debug|x86
		{0AE838EF-386F-47AC-9FA0-778B05FC38F6}.Debug|x86.Build.0 = Debug|x86
		{0AE838EF-386F-47AC-9FA0-778B05FC38F6}.Debug|x86.Deploy.0 = Debug|x86
		{0AE838EF-386F-47AC-9FA0-778B05FC38F6}.Release|Any CPU.ActiveCfg = Release|x86
		{0AE838EF-386F-47AC-9FA0-778B05FC38F6}.Release|ARM.ActiveCfg = Release|ARM
		{0AE838EF-386F-47AC-9FA0-778B05FC38F6}.Release|ARM.Build.0 = Release|ARM
		{0AE838EF-386F-47AC-9FA0-778B05FC38F6}.Release|ARM.Deploy.0 = Release|ARM
		{0AE838EF-386F-47AC-9FA0-778B05FC38F6}.Release|iPhone.ActiveCfg = Release|x86
		{0AE838EF-386F-47AC-9FA0-778B05FC38F6}.Release|iPhoneSimulator.ActiveCfg = Release|x86
		{0AE838EF-386F-47AC-9FA0-778B05FC38F6}.Release|x64.ActiveCfg = Release|x64
		{0AE838EF-386F-47AC-9FA0-778B05FC38F6}.Release|x64.Build.0 = Release|x64
		{0AE838EF-386F-47AC-9FA0-778B05FC38F6}.Release|x64.Deploy.0 = Release|x64
		{0AE838EF-386F-47AC-9FA0-778B05FC38F6}.Release|x86.ActiveCfg = Release|x86
		{0AE838EF-386F-47AC-9FA0-778B05FC38F6}.Release|x86.Build.0 = Release|x86
		{0AE838EF-386F-47AC-9FA0-778B05FC38F6}.Release|x86.Deploy.0 = Release|x86
		{CD646862-7C25-4236-BB27-75D432F219CA}.Ad-Hoc|Any CPU.ActiveCfg = Ad-Hoc|iPhone
		{CD646862-7C25-4236-BB27-75D432F219CA}.Ad-Hoc|ARM.ActiveCfg = Ad-Hoc|iPhone
		{CD646862-7C25-4236-BB27-75D432F219CA}.Ad-Hoc|iPhone.ActiveCfg = Ad-Hoc|iPhone
		{CD646862-7C25-4236-BB27-75D432F219CA}.Ad-Hoc|iPhone.Build.0 = Ad-Hoc|iPhone
		{CD646862-7C25-4236-BB27-75D432F219CA}.Ad-Hoc|iPhoneSimulator.ActiveCfg = Ad-Hoc|iPhoneSimulator
		{CD646862-7C25-4236-BB27-75D432F219CA}.Ad-Hoc|iPhoneSimulator.Build.0 = Ad-Hoc|iPhoneSimulator
		{CD646862-7C25-4236-BB27-75D432F219CA}.Ad-Hoc|x64.ActiveCfg = Ad-Hoc|iPhone
		{CD646862-7C25-4236-BB27-75D432F219CA}.Ad-Hoc|x86.ActiveCfg = Ad-Hoc|iPhone
		{CD646862-7C25-4236-BB27-75D432F219CA}.AppStore|Any CPU.ActiveCfg = AppStore|iPhone
		{CD646862-7C25-4236-BB27-75D432F219CA}.AppStore|ARM.ActiveCfg = AppStore|iPhone
		{CD646862-7C25-4236-BB27-75D432F219CA}.AppStore|iPhone.ActiveCfg = AppStore|iPhone
		{CD646862-7C25-4236-BB27-75D432F219CA}.AppStore|iPhone.Build.0 = AppStore|iPhone
		{CD646862-7C25-4236-BB27-75D432F219CA}.AppStore|iPhoneSimulator.ActiveCfg = AppStore|iPhoneSimulator
		{CD646862-7C25-4236-BB27-75D432F219CA}.AppStore|iPhoneSimulator.Build.0 = AppStore|iPhoneSimulator
		{CD646862-7C25-4236-BB27-75D432F219CA}.AppStore|x64.ActiveCfg = AppStore|iPhone
		{CD646862-7C25-4236-BB27-75D432F219CA}.AppStore|x86.ActiveCfg = AppStore|iPhone
		{CD646862-7C25-4236-BB27-75D432F219CA}.Debug|Any CPU.ActiveCfg = Debug|iPhone
		{CD646862-7C25-4236-BB27-75D432F219CA}.Debug|ARM.ActiveCfg = Debug|iPhone
		{CD646862-7C25-4236-BB27-75D432F219CA}.Debug|iPhone.ActiveCfg = Debug|iPhone
		{CD646862-7C25-4236-BB27-75D432F219CA}.Debug|iPhone.Build.0 = Debug|iPhone
		{CD646862-7C25-4236-BB27-75D432F219CA}.Debug|iPhoneSimulator.ActiveCfg = Debug|iPhoneSimulator
		{CD646862-7C25-4236-BB27-75D432F219CA}.Debug|iPhoneSimulator.Build.0 = Debug|iPhoneSimulator
		{CD646862-7C25-4236-BB27-75D432F219CA}.Debug|x64.ActiveCfg = Debug|iPhone
		{CD646862-7C25-4236-BB27-75D432F219CA}.Debug|x86.ActiveCfg = Debug|iPhone
		{CD646862-7C25-4236-BB27-75D432F219CA}.Release|Any CPU.ActiveCfg = Release|iPhone
		{CD646862-7C25-4236-BB27-75D432F219CA}.Release|ARM.ActiveCfg = Release|iPhone
		{CD646862-7C25-4236-BB27-75D432F219CA}.Release|iPhone.ActiveCfg = Release|iPhone
		{CD646862-7C25-4236-BB27-75D432F219CA}.Release|iPhone.Build.0 = Release|iPhone
		{CD646862-7C25-4236-BB27-75D432F219CA}.Release|iPhoneSimulator.ActiveCfg = Release|iPhoneSimulator
		{CD646862-7C25-4236-BB27-75D432F219CA}.Release|iPhoneSimulator.Build.0 = Release|iPhoneSimulator
		{CD646862-7C25-4236-BB27-75D432F219CA}.Release|x64.ActiveCfg = Release|iPhone
		{CD646862-7C25-4236-BB27-75D432F219CA}.Release|x86.ActiveCfg = Release|iPhone
	EndGlobalSection
	GlobalSection(SolutionProperties) = preSolution
		HideSolutionNode = FALSE
	EndGlobalSection
	GlobalSection(ExtensibilityGlobals) = postSolution
		SolutionGuid = {6F662170-AC9E-429A-830D-9F91E9548FC8}
	EndGlobalSection
EndGlobal
